
Microsoft Visual Studio Solution File, Format Version 12.00
# Visual Studio Version 16
VisualStudioVersion = 16.0.29025.244
MinimumVisualStudioVersion = 10.0.40219.1
Project("{8BC9CEB8-8B4A-11D0-8D11-00A0C91BC942}") = "Project_Slug", "Project_Slug\Project_Slug.vcxproj", "{F1397718-ED2C-45D6-80EA-3DF2748FE257}"
EndProject
Global
	GlobalSection(SolutionConfigurationPlatforms) = preSolution
		Debug|x64 = Debug|x64
		Debug|x86 = Debug|x86
		Release|x64 = Release|x64
		Release|x86 = Release|x86
	EndGlobalSection
	GlobalSection(ProjectConfigurationPlatforms) = postSolution
		{F1397718-ED2C-45D6-80EA-3DF2748FE257}.Debug|x64.ActiveCfg = Debug|x64
		{F1397718-ED2C-45D6-80EA-3DF2748FE257}.Debug|x64.Build.0 = Debug|x64
		{F1397718-ED2C-45D6-80EA-3DF2748FE257}.Debug|x86.ActiveCfg = Debug|Win32
		{F1397718-ED2C-45D6-80EA-3DF2748FE257}.Debug|x86.Build.0 = Debug|Win32
		{F1397718-ED2C-45D6-80EA-3DF2748FE257}.Release|x64.ActiveCfg = Release|x64
		{F1397718-ED2C-45D6-80EA-3DF2748FE257}.Release|x64.Build.0 = Release|x64
		{F1397718-ED2C-45D6-80EA-3DF2748FE257}.Release|x86.ActiveCfg = Release|Win32
		{F1397718-ED2C-45D6-80EA-3DF2748FE257}.Release|x86.Build.0 = Release|Win32
	EndGlobalSection
	GlobalSection(SolutionProperties) = preSolution
		HideSolutionNode = FALSE
	EndGlobalSection
	GlobalSection(ExtensibilityGlobals) = postSolution
		SolutionGuid = {8336B5B7-E8CE-4B24-920D-3385260C07BA}
	EndGlobalSection
EndGlobal
