<?xml version="1.0" encoding="utf-8"?>
<Project ToolsVersion="4.0" xmlns="http://schemas.microsoft.com/developer/msbuild/2003">
  <ItemGroup>
    <Filter Include="Source Files">
      <UniqueIdentifier>{4FC737F1-C7A5-4376-A066-2A32D752A2FF}</UniqueIdentifier>
      <Extensions>cpp;c;cc;cxx;def;odl;idl;hpj;bat;asm;asmx</Extensions>
    </Filter>
    <Filter Include="Header Files">
      <UniqueIdentifier>{93995380-89BD-4b04-88EB-625FBE52EBFB}</UniqueIdentifier>
      <Extensions>h;hh;hpp;hxx;hm;inl;inc;ipp;xsd</Extensions>
    </Filter>
    <Filter Include="Resource Files">
      <UniqueIdentifier>{67DA6AB6-F800-4c08-8B7A-83BB121AAD01}</UniqueIdentifier>
      <Extensions>rc;ico;cur;bmp;dlg;rc2;rct;bin;rgs;gif;jpg;jpeg;jpe;resx;tiff;tif;png;wav;mfcribbon-ms</Extensions>
    </Filter>
    <Filter Include="Source Files\Core">
      <UniqueIdentifier>{13bed394-eebd-4d9f-8234-0e8178620fb5}</UniqueIdentifier>
    </Filter>
    <Filter Include="Header Files\Core">
      <UniqueIdentifier>{e769bb7f-c99a-42c4-bbab-2faff6b23305}</UniqueIdentifier>
    </Filter>
    <Filter Include="Header Files\Utils">
      <UniqueIdentifier>{9bcacf12-9f06-4a8b-adb3-8261a46c1e10}</UniqueIdentifier>
    </Filter>
    <Filter Include="Header Files\Managers">
      <UniqueIdentifier>{eabd56c6-b433-46b2-8ef1-9588fe9a3d1d}</UniqueIdentifier>
    </Filter>
    <Filter Include="Header Files\GameStates">
      <UniqueIdentifier>{d3b0f7a3-701b-4864-8755-444c3990a88e}</UniqueIdentifier>
    </Filter>
    <Filter Include="Source Files\GameStates">
      <UniqueIdentifier>{50e729a2-68fe-4830-9bf7-26d3bcf95074}</UniqueIdentifier>
    </Filter>
    <Filter Include="Source Files\Managers">
      <UniqueIdentifier>{1e1c6e45-acf6-433a-a4cd-8ff9e0933a19}</UniqueIdentifier>
    </Filter>
    <Filter Include="Header Files\UI">
      <UniqueIdentifier>{8400f362-d69f-4201-8dfa-8c447c7e3c3a}</UniqueIdentifier>
    </Filter>
    <Filter Include="Source Files\UI">
      <UniqueIdentifier>{50a40a10-0e1e-43a7-9b79-86d85e75a20e}</UniqueIdentifier>
    </Filter>
    <Filter Include="Source Files\GameObjects">
      <UniqueIdentifier>{339c0b05-e8f3-4730-93b7-e2c2e7a377ab}</UniqueIdentifier>
    </Filter>
    <Filter Include="Header Files\GameObjects">
      <UniqueIdentifier>{83d4f10b-d28a-45a0-94b6-0c4a7e7820fe}</UniqueIdentifier>
    </Filter>
    <Filter Include="Source Files\Utils">
      <UniqueIdentifier>{a5d62a00-58bf-4c0b-a091-d0e14d5bbd0c}</UniqueIdentifier>
    </Filter>
    <Filter Include="Header Files\CharacterStates">
      <UniqueIdentifier>{fba39cec-ca01-4bcf-98d9-a8c9d52a5e55}</UniqueIdentifier>
    </Filter>
    <Filter Include="Header Files\CharacterStates\SpartanStates">
      <UniqueIdentifier>{e8b2db48-346f-4cf6-b072-3d0f713199d7}</UniqueIdentifier>
    </Filter>
    <Filter Include="Source Files\GameObjects\Weapons">
      <UniqueIdentifier>{4c7e1e95-c452-43e5-9c3e-2b5aca78c743}</UniqueIdentifier>
    </Filter>
    <Filter Include="Header Files\GameObjects\Weapons">
      <UniqueIdentifier>{bd3642c8-cddf-45aa-91d8-49c077978cbb}</UniqueIdentifier>
    </Filter>
  </ItemGroup>
  <ItemGroup>
    <ClCompile Include="Sources\Core\Application.cpp">
      <Filter>Source Files\Core</Filter>
    </ClCompile>
    <ClCompile Include="Sources\Core\Main.cpp">
      <Filter>Source Files\Core</Filter>
    </ClCompile>
    <ClCompile Include="Sources\GameStates\GameState.cpp">
      <Filter>Source Files\GameStates</Filter>
    </ClCompile>
    <ClCompile Include="Sources\GameStates\GameStateMachine.cpp">
      <Filter>Source Files\GameStates</Filter>
    </ClCompile>
    <ClCompile Include="Sources\GameStates\MainTitleScene.cpp">
      <Filter>Source Files\GameStates</Filter>
    </ClCompile>
    <ClCompile Include="Sources\GameStates\InGameScene.cpp">
      <Filter>Source Files\GameStates</Filter>
    </ClCompile>
    <ClCompile Include="Sources\Managers\MouseManager.cpp">
      <Filter>Source Files\Managers</Filter>
    </ClCompile>
    <ClCompile Include="Sources\UI\UIButton.cpp">
      <Filter>Source Files\UI</Filter>
    </ClCompile>
    <ClCompile Include="Sources\GameObjects\GameObject.cpp">
      <Filter>Source Files\GameObjects</Filter>
    </ClCompile>
    <ClCompile Include="Sources\GameObjects\Spartan.cpp">
      <Filter>Source Files\GameObjects</Filter>
    </ClCompile>
    <ClCompile Include="Sources\Utils\Transform.cpp">
      <Filter>Source Files\Utils</Filter>
    </ClCompile>
    <ClCompile Include="Sources\GameObjects\Weapon.cpp">
      <Filter>Source Files\GameObjects</Filter>
    </ClCompile>
    <ClCompile Include="Sources\Core\Camera.cpp">
      <Filter>Source Files\Core</Filter>
    </ClCompile>
    <ClCompile Include="Sources\GameObjects\Character.cpp">
      <Filter>Source Files\GameObjects</Filter>
    </ClCompile>
    <ClCompile Include="Sources\Utils\SquirrelRNG.cpp">
      <Filter>Source Files\Utils</Filter>
    </ClCompile>
    <ClCompile Include="Sources\Utils\tinyxml2.cpp">
      <Filter>Source Files\Utils</Filter>
    </ClCompile>
    <ClCompile Include="SpartanStateMachine.cpp">
      <Filter>Source Files</Filter>
    </ClCompile>
    <ClCompile Include="CharacterStateBase.cpp">
      <Filter>Source Files</Filter>
    </ClCompile>
    <ClCompile Include="SpartanWalkState.cpp">
      <Filter>Source Files</Filter>
    </ClCompile>
    <ClCompile Include="SpartanIdleState.cpp">
      <Filter>Source Files</Filter>
    </ClCompile>
    <ClCompile Include="Sources\CharacterStates\CharacterStateMachineBase.cpp">
      <Filter>Source Files</Filter>
    </ClCompile>
    <ClCompile Include="SpartanStateBase.cpp">
      <Filter>Source Files</Filter>
    </ClCompile>
    <ClCompile Include="Sources\GameObjects\Weapons\AssultRifle.cpp">
      <Filter>Source Files\GameObjects\Weapons</Filter>
    </ClCompile>
    <ClCompile Include="Sources\GameObjects\Weapons\Bullet.cpp">
      <Filter>Source Files\GameObjects\Weapons</Filter>
    </ClCompile>
    <ClCompile Include="Sources\GameObjects\Weapons\Magnum.cpp">
      <Filter>Source Files\GameObjects\Weapons</Filter>
    </ClCompile>
  </ItemGroup>
  <ItemGroup>
    <ClInclude Include="Includes\GameStates\MainTitleScene.hpp">
      <Filter>Header Files\GameStates</Filter>
    </ClInclude>
    <ClInclude Include="Includes\GameStates\GameState.hpp">
      <Filter>Header Files\GameStates</Filter>
    </ClInclude>
    <ClInclude Include="Includes\GameStates\GameStateMachine.hpp">
      <Filter>Header Files\GameStates</Filter>
    </ClInclude>
    <ClInclude Include="Includes\GameStates\InGameScene.hpp">
      <Filter>Header Files\GameStates</Filter>
    </ClInclude>
    <ClInclude Include="Includes\Core\Application.hpp">
      <Filter>Header Files\Core</Filter>
    </ClInclude>
    <ClInclude Include="Includes\Core\Singleton.hpp">
      <Filter>Header Files\Core</Filter>
    </ClInclude>
    <ClInclude Include="Includes\Utils\Utils.hpp">
      <Filter>Header Files\Utils</Filter>
    </ClInclude>
    <ClInclude Include="Includes\Managers\MouseManager.hpp">
      <Filter>Header Files\Managers</Filter>
    </ClInclude>
    <ClInclude Include="Includes\UI\UIButton.hpp">
      <Filter>Header Files\UI</Filter>
    </ClInclude>
    <ClInclude Include="Includes\GameObjects\GameObject.hpp">
      <Filter>Header Files\GameObjects</Filter>
    </ClInclude>
    <ClInclude Include="Includes\GameObjects\Spartan.hpp">
      <Filter>Header Files\GameObjects</Filter>
    </ClInclude>
    <ClInclude Include="Includes\Utils\Transform.hpp">
      <Filter>Header Files\Utils</Filter>
    </ClInclude>
    <ClInclude Include="Includes\Core\Camera.hpp">
      <Filter>Header Files\Core</Filter>
    </ClInclude>
    <ClInclude Include="Includes\GameObjects\Character.hpp">
      <Filter>Header Files\GameObjects</Filter>
    </ClInclude>
    <ClInclude Include="Includes\Utils\SquirrelRNG.h">
      <Filter>Header Files\Utils</Filter>
    </ClInclude>
    <ClInclude Include="Includes\Utils\tinyxml2.h">
      <Filter>Header Files\Utils</Filter>
    </ClInclude>
    <ClInclude Include="Includes\CharacterStates\Spartan\SpartanIdleState.hpp">
      <Filter>Header Files</Filter>
    </ClInclude>
    <ClInclude Include="Includes\CharacterStates\Spartan\SpartanStateMachine.hpp">
      <Filter>Header Files</Filter>
    </ClInclude>
    <ClInclude Include="Includes\CharacterStates\Spartan\SpartanWalkState.hpp">
      <Filter>Header Files</Filter>
    </ClInclude>
    <ClInclude Include="Includes\CharacterStates\SpartanStates\SpartanIdleState.hpp">
      <Filter>Header Files\CharacterStates\SpartanStates</Filter>
    </ClInclude>
    <ClInclude Include="Includes\CharacterStates\SpartanStates\SpartanStateMachine.hpp">
      <Filter>Header Files\CharacterStates\SpartanStates</Filter>
    </ClInclude>
    <ClInclude Include="Includes\CharacterStates\SpartanStates\SpartanWalkState.hpp">
      <Filter>Header Files\CharacterStates\SpartanStates</Filter>
    </ClInclude>
    <ClInclude Include="Includes\CharacterStates\CharacterStateBase.hpp">
      <Filter>Header Files\CharacterStates</Filter>
    </ClInclude>
    <ClInclude Include="Includes\CharacterStates\CharacterStateMachineBase.hpp">
      <Filter>Header Files\CharacterStates</Filter>
    </ClInclude>
    <ClInclude Include="Includes\CharacterStates\SpartanStates\SpartanStateBase.hpp">
      <Filter>Header Files</Filter>
    </ClInclude>
    <ClInclude Include="Includes\GameObjects\Weapons\AssultRifle.hpp">
      <Filter>Header Files\GameObjects\Weapons</Filter>
    </ClInclude>
    <ClInclude Include="Includes\GameObjects\Weapons\Bullet.hpp">
      <Filter>Header Files\GameObjects\Weapons</Filter>
    </ClInclude>
    <ClInclude Include="Includes\GameObjects\Weapons\Magnum.hpp">
      <Filter>Header Files\GameObjects\Weapons</Filter>
    </ClInclude>
    <ClInclude Include="Includes\GameObjects\Weapon.hpp">
      <Filter>Header Files\GameObjects\Weapons</Filter>
    </ClInclude>
    <ClInclude Include="Includes\Utils\ObjectPool.h">
      <Filter>Header Files</Filter>
    </ClInclude>
  </ItemGroup>
</Project>